// !$*UTF8*$!
{
	archiveVersion = 1;
	classes = {
	};
	objectVersion = 55;
	objects = {

/* Begin PBXBuildFile section */
		4A728D112887093F00B8782B /* Tests_iOS.swift in Sources */ = {isa = PBXBuildFile; fileRef = 4A728D102887093F00B8782B /* Tests_iOS.swift */; };
		4A728D132887093F00B8782B /* Tests_iOSLaunchTests.swift in Sources */ = {isa = PBXBuildFile; fileRef = 4A728D122887093F00B8782B /* Tests_iOSLaunchTests.swift */; };
		4A728D1D2887093F00B8782B /* Tests_macOS.swift in Sources */ = {isa = PBXBuildFile; fileRef = 4A728D1C2887093F00B8782B /* Tests_macOS.swift */; };
		4A728D1F2887093F00B8782B /* Tests_macOSLaunchTests.swift in Sources */ = {isa = PBXBuildFile; fileRef = 4A728D1E2887093F00B8782B /* Tests_macOSLaunchTests.swift */; };
		4A728D202887093F00B8782B /* LandmarksApp.swift in Sources */ = {isa = PBXBuildFile; fileRef = 4A728CF82887093D00B8782B /* LandmarksApp.swift */; };
		4A728D212887093F00B8782B /* LandmarksApp.swift in Sources */ = {isa = PBXBuildFile; fileRef = 4A728CF82887093D00B8782B /* LandmarksApp.swift */; };
		4A728D222887093F00B8782B /* ContentView.swift in Sources */ = {isa = PBXBuildFile; fileRef = 4A728CF92887093D00B8782B /* ContentView.swift */; };
		4A728D232887093F00B8782B /* ContentView.swift in Sources */ = {isa = PBXBuildFile; fileRef = 4A728CF92887093D00B8782B /* ContentView.swift */; };
		4A728D242887093F00B8782B /* Assets.xcassets in Resources */ = {isa = PBXBuildFile; fileRef = 4A728CFA2887093F00B8782B /* Assets.xcassets */; };
		4A728D252887093F00B8782B /* Assets.xcassets in Resources */ = {isa = PBXBuildFile; fileRef = 4A728CFA2887093F00B8782B /* Assets.xcassets */; };
		4A728D35288787BA00B8782B /* CircularImage.swift in Sources */ = {isa = PBXBuildFile; fileRef = 4A728D34288787BA00B8782B /* CircularImage.swift */; };
		4A728D36288787BA00B8782B /* CircularImage.swift in Sources */ = {isa = PBXBuildFile; fileRef = 4A728D34288787BA00B8782B /* CircularImage.swift */; };
		4A728D38288788D000B8782B /* MapView.swift in Sources */ = {isa = PBXBuildFile; fileRef = 4A728D37288788D000B8782B /* MapView.swift */; };
		4A728D39288788D000B8782B /* MapView.swift in Sources */ = {isa = PBXBuildFile; fileRef = 4A728D37288788D000B8782B /* MapView.swift */; };
		4A728D3B28878BD600B8782B /* landmarkData.json in Resources */ = {isa = PBXBuildFile; fileRef = 4A728D3A28878BD600B8782B /* landmarkData.json */; };
		4A728D3C28878BD600B8782B /* landmarkData.json in Resources */ = {isa = PBXBuildFile; fileRef = 4A728D3A28878BD600B8782B /* landmarkData.json */; };
		4A728D3E28878BFB00B8782B /* Landmark.swift in Sources */ = {isa = PBXBuildFile; fileRef = 4A728D3D28878BFB00B8782B /* Landmark.swift */; };
		4A728D3F28878BFB00B8782B /* Landmark.swift in Sources */ = {isa = PBXBuildFile; fileRef = 4A728D3D28878BFB00B8782B /* Landmark.swift */; };
		4A728D4128878DB200B8782B /* ModelData.swift in Sources */ = {isa = PBXBuildFile; fileRef = 4A728D4028878DB200B8782B /* ModelData.swift */; };
		4A728D4228878DB200B8782B /* ModelData.swift in Sources */ = {isa = PBXBuildFile; fileRef = 4A728D4028878DB200B8782B /* ModelData.swift */; };
		4A728D4728878F3300B8782B /* LandmarkRow.swift in Sources */ = {isa = PBXBuildFile; fileRef = 4A728D4628878F3300B8782B /* LandmarkRow.swift */; };
		4A728D4828878F3300B8782B /* LandmarkRow.swift in Sources */ = {isa = PBXBuildFile; fileRef = 4A728D4628878F3300B8782B /* LandmarkRow.swift */; };
		4A728D4A2887905500B8782B /* LandmarkList.swift in Sources */ = {isa = PBXBuildFile; fileRef = 4A728D492887905500B8782B /* LandmarkList.swift */; };
		4A728D4B2887905500B8782B /* LandmarkList.swift in Sources */ = {isa = PBXBuildFile; fileRef = 4A728D492887905500B8782B /* LandmarkList.swift */; };
		4A728D4D2887911700B8782B /* LandmarkDetail.swift in Sources */ = {isa = PBXBuildFile; fileRef = 4A728D4C2887911700B8782B /* LandmarkDetail.swift */; };
		4A728D4E2887911700B8782B /* LandmarkDetail.swift in Sources */ = {isa = PBXBuildFile; fileRef = 4A728D4C2887911700B8782B /* LandmarkDetail.swift */; };
		4A728D50288799D000B8782B /* FavoriteButton.swift in Sources */ = {isa = PBXBuildFile; fileRef = 4A728D4F288799D000B8782B /* FavoriteButton.swift */; };
		4A728D51288799D000B8782B /* FavoriteButton.swift in Sources */ = {isa = PBXBuildFile; fileRef = 4A728D4F288799D000B8782B /* FavoriteButton.swift */; };
/* End PBXBuildFile section */

/* Begin PBXContainerItemProxy section */
		4A728D0D2887093F00B8782B /* PBXContainerItemProxy */ = {
			isa = PBXContainerItemProxy;
			containerPortal = 4A728CF32887093D00B8782B /* Project object */;
			proxyType = 1;
			remoteGlobalIDString = 4A728CFE2887093F00B8782B;
			remoteInfo = "Landmarks (iOS)";
		};
		4A728D192887093F00B8782B /* PBXContainerItemProxy */ = {
			isa = PBXContainerItemProxy;
			containerPortal = 4A728CF32887093D00B8782B /* Project object */;
			proxyType = 1;
			remoteGlobalIDString = 4A728D042887093F00B8782B;
			remoteInfo = "Landmarks (macOS)";
		};
/* End PBXContainerItemProxy section */

/* Begin PBXFileReference section */
		4A728CF82887093D00B8782B /* LandmarksApp.swift */ = {isa = PBXFileReference; lastKnownFileType = sourcecode.swift; path = LandmarksApp.swift; sourceTree = "<group>"; };
		4A728CF92887093D00B8782B /* ContentView.swift */ = {isa = PBXFileReference; lastKnownFileType = sourcecode.swift; path = ContentView.swift; sourceTree = "<group>"; };
		4A728CFA2887093F00B8782B /* Assets.xcassets */ = {isa = PBXFileReference; lastKnownFileType = folder.assetcatalog; path = Assets.xcassets; sourceTree = "<group>"; };
		4A728CFF2887093F00B8782B /* Landmarks.app */ = {isa = PBXFileReference; explicitFileType = wrapper.application; includeInIndex = 0; path = Landmarks.app; sourceTree = BUILT_PRODUCTS_DIR; };
		4A728D052887093F00B8782B /* Landmarks.app */ = {isa = PBXFileReference; explicitFileType = wrapper.application; includeInIndex = 0; path = Landmarks.app; sourceTree = BUILT_PRODUCTS_DIR; };
		4A728D072887093F00B8782B /* macOS.entitlements */ = {isa = PBXFileReference; lastKnownFileType = text.plist.entitlements; path = macOS.entitlements; sourceTree = "<group>"; };
		4A728D0C2887093F00B8782B /* Tests iOS.xctest */ = {isa = PBXFileReference; explicitFileType = wrapper.cfbundle; includeInIndex = 0; path = "Tests iOS.xctest"; sourceTree = BUILT_PRODUCTS_DIR; };
		4A728D102887093F00B8782B /* Tests_iOS.swift */ = {isa = PBXFileReference; lastKnownFileType = sourcecode.swift; path = Tests_iOS.swift; sourceTree = "<group>"; };
		4A728D122887093F00B8782B /* Tests_iOSLaunchTests.swift */ = {isa = PBXFileReference; lastKnownFileType = sourcecode.swift; path = Tests_iOSLaunchTests.swift; sourceTree = "<group>"; };
		4A728D182887093F00B8782B /* Tests macOS.xctest */ = {isa = PBXFileReference; explicitFileType = wrapper.cfbundle; includeInIndex = 0; path = "Tests macOS.xctest"; sourceTree = BUILT_PRODUCTS_DIR; };
		4A728D1C2887093F00B8782B /* Tests_macOS.swift */ = {isa = PBXFileReference; lastKnownFileType = sourcecode.swift; path = Tests_macOS.swift; sourceTree = "<group>"; };
		4A728D1E2887093F00B8782B /* Tests_macOSLaunchTests.swift */ = {isa = PBXFileReference; lastKnownFileType = sourcecode.swift; path = Tests_macOSLaunchTests.swift; sourceTree = "<group>"; };
		4A728D34288787BA00B8782B /* CircularImage.swift */ = {isa = PBXFileReference; lastKnownFileType = sourcecode.swift; path = CircularImage.swift; sourceTree = "<group>"; };
		4A728D37288788D000B8782B /* MapView.swift */ = {isa = PBXFileReference; lastKnownFileType = sourcecode.swift; path = MapView.swift; sourceTree = "<group>"; };
		4A728D3A28878BD600B8782B /* landmarkData.json */ = {isa = PBXFileReference; fileEncoding = 4; lastKnownFileType = text.json; path = landmarkData.json; sourceTree = "<group>"; };
		4A728D3D28878BFB00B8782B /* Landmark.swift */ = {isa = PBXFileReference; lastKnownFileType = sourcecode.swift; path = Landmark.swift; sourceTree = "<group>"; };
		4A728D4028878DB200B8782B /* ModelData.swift */ = {isa = PBXFileReference; lastKnownFileType = sourcecode.swift; path = ModelData.swift; sourceTree = "<group>"; };
		4A728D4628878F3300B8782B /* LandmarkRow.swift */ = {isa = PBXFileReference; lastKnownFileType = sourcecode.swift; path = LandmarkRow.swift; sourceTree = "<group>"; };
		4A728D492887905500B8782B /* LandmarkList.swift */ = {isa = PBXFileReference; lastKnownFileType = sourcecode.swift; path = LandmarkList.swift; sourceTree = "<group>"; };
		4A728D4C2887911700B8782B /* LandmarkDetail.swift */ = {isa = PBXFileReference; lastKnownFileType = sourcecode.swift; path = LandmarkDetail.swift; sourceTree = "<group>"; };
		4A728D4F288799D000B8782B /* FavoriteButton.swift */ = {isa = PBXFileReference; lastKnownFileType = sourcecode.swift; path = FavoriteButton.swift; sourceTree = "<group>"; };
/* End PBXFileReference section */

/* Begin PBXFrameworksBuildPhase section */
		4A728CFC2887093F00B8782B /* Frameworks */ = {
			isa = PBXFrameworksBuildPhase;
			buildActionMask = 2147483647;
			files = (
			);
			runOnlyForDeploymentPostprocessing = 0;
		};
		4A728D022887093F00B8782B /* Frameworks */ = {
			isa = PBXFrameworksBuildPhase;
			buildActionMask = 2147483647;
			files = (
			);
			runOnlyForDeploymentPostprocessing = 0;
		};
		4A728D092887093F00B8782B /* Frameworks */ = {
			isa = PBXFrameworksBuildPhase;
			buildActionMask = 2147483647;
			files = (
			);
			runOnlyForDeploymentPostprocessing = 0;
		};
		4A728D152887093F00B8782B /* Frameworks */ = {
			isa = PBXFrameworksBuildPhase;
			buildActionMask = 2147483647;
			files = (
			);
			runOnlyForDeploymentPostprocessing = 0;
		};
/* End PBXFrameworksBuildPhase section */

/* Begin PBXGroup section */
		4A728CF22887093D00B8782B = {
			isa = PBXGroup;
			children = (
				4A728CF72887093D00B8782B /* Shared */,
				4A728D062887093F00B8782B /* macOS */,
				4A728D0F2887093F00B8782B /* Tests iOS */,
				4A728D1B2887093F00B8782B /* Tests macOS */,
				4A728D002887093F00B8782B /* Products */,
			);
			sourceTree = "<group>";
		};
		4A728CF72887093D00B8782B /* Shared */ = {
			isa = PBXGroup;
			children = (
				4A728D4528878EF600B8782B /* Resources */,
				4A728D4428878EE000B8782B /* Model */,
				4A728D4328878ECB00B8782B /* Views */,
				4A728CF82887093D00B8782B /* LandmarksApp.swift */,
				4A728CFA2887093F00B8782B /* Assets.xcassets */,
			);
			path = Shared;
			sourceTree = "<group>";
		};
		4A728D002887093F00B8782B /* Products */ = {
			isa = PBXGroup;
			children = (
				4A728CFF2887093F00B8782B /* Landmarks.app */,
				4A728D052887093F00B8782B /* Landmarks.app */,
				4A728D0C2887093F00B8782B /* Tests iOS.xctest */,
				4A728D182887093F00B8782B /* Tests macOS.xctest */,
			);
			name = Products;
			sourceTree = "<group>";
		};
		4A728D062887093F00B8782B /* macOS */ = {
			isa = PBXGroup;
			children = (
				4A728D072887093F00B8782B /* macOS.entitlements */,
			);
			path = macOS;
			sourceTree = "<group>";
		};
		4A728D0F2887093F00B8782B /* Tests iOS */ = {
			isa = PBXGroup;
			children = (
				4A728D102887093F00B8782B /* Tests_iOS.swift */,
				4A728D122887093F00B8782B /* Tests_iOSLaunchTests.swift */,
			);
			path = "Tests iOS";
			sourceTree = "<group>";
		};
		4A728D1B2887093F00B8782B /* Tests macOS */ = {
			isa = PBXGroup;
			children = (
				4A728D1C2887093F00B8782B /* Tests_macOS.swift */,
				4A728D1E2887093F00B8782B /* Tests_macOSLaunchTests.swift */,
			);
			path = "Tests macOS";
			sourceTree = "<group>";
		};
		4A728D4328878ECB00B8782B /* Views */ = {
			isa = PBXGroup;
			children = (
				4A728D5328879A8D00B8782B /* Helpers */,
				4A728D5228879A7E00B8782B /* Landmarks */,
				4A728CF92887093D00B8782B /* ContentView.swift */,
			);
			path = Views;
			sourceTree = "<group>";
		};
		4A728D4428878EE000B8782B /* Model */ = {
			isa = PBXGroup;
			children = (
				4A728D3D28878BFB00B8782B /* Landmark.swift */,
				4A728D4028878DB200B8782B /* ModelData.swift */,
			);
			path = Model;
			sourceTree = "<group>";
		};
		4A728D4528878EF600B8782B /* Resources */ = {
			isa = PBXGroup;
			children = (
				4A728D3A28878BD600B8782B /* landmarkData.json */,
			);
			path = Resources;
			sourceTree = "<group>";
		};
		4A728D5228879A7E00B8782B /* Landmarks */ = {
			isa = PBXGroup;
			children = (
				4A728D4C2887911700B8782B /* LandmarkDetail.swift */,
				4A728D492887905500B8782B /* LandmarkList.swift */,
				4A728D4628878F3300B8782B /* LandmarkRow.swift */,
			);
			path = Landmarks;
			sourceTree = "<group>";
		};
		4A728D5328879A8D00B8782B /* Helpers */ = {
			isa = PBXGroup;
			children = (
				4A728D37288788D000B8782B /* MapView.swift */,
				4A728D4F288799D000B8782B /* FavoriteButton.swift */,
				4A728D34288787BA00B8782B /* CircularImage.swift */,
			);
			path = Helpers;
			sourceTree = "<group>";
		};
/* End PBXGroup section */

/* Begin PBXNativeTarget section */
		4A728CFE2887093F00B8782B /* Landmarks (iOS) */ = {
			isa = PBXNativeTarget;
			buildConfigurationList = 4A728D282887093F00B8782B /* Build configuration list for PBXNativeTarget "Landmarks (iOS)" */;
			buildPhases = (
				4A728CFB2887093F00B8782B /* Sources */,
				4A728CFC2887093F00B8782B /* Frameworks */,
				4A728CFD2887093F00B8782B /* Resources */,
			);
			buildRules = (
			);
			dependencies = (
			);
			name = "Landmarks (iOS)";
			productName = "Landmarks (iOS)";
			productReference = 4A728CFF2887093F00B8782B /* Landmarks.app */;
			productType = "com.apple.product-type.application";
		};
		4A728D042887093F00B8782B /* Landmarks (macOS) */ = {
			isa = PBXNativeTarget;
			buildConfigurationList = 4A728D2B2887093F00B8782B /* Build configuration list for PBXNativeTarget "Landmarks (macOS)" */;
			buildPhases = (
				4A728D012887093F00B8782B /* Sources */,
				4A728D022887093F00B8782B /* Frameworks */,
				4A728D032887093F00B8782B /* Resources */,
			);
			buildRules = (
			);
			dependencies = (
			);
			name = "Landmarks (macOS)";
			productName = "Landmarks (macOS)";
			productReference = 4A728D052887093F00B8782B /* Landmarks.app */;
			productType = "com.apple.product-type.application";
		};
		4A728D0B2887093F00B8782B /* Tests iOS */ = {
			isa = PBXNativeTarget;
			buildConfigurationList = 4A728D2E2887093F00B8782B /* Build configuration list for PBXNativeTarget "Tests iOS" */;
			buildPhases = (
				4A728D082887093F00B8782B /* Sources */,
				4A728D092887093F00B8782B /* Frameworks */,
				4A728D0A2887093F00B8782B /* Resources */,
			);
			buildRules = (
			);
			dependencies = (
				4A728D0E2887093F00B8782B /* PBXTargetDependency */,
			);
			name = "Tests iOS";
			productName = "Tests iOS";
			productReference = 4A728D0C2887093F00B8782B /* Tests iOS.xctest */;
			productType = "com.apple.product-type.bundle.ui-testing";
		};
		4A728D172887093F00B8782B /* Tests macOS */ = {
			isa = PBXNativeTarget;
			buildConfigurationList = 4A728D312887093F00B8782B /* Build configuration list for PBXNativeTarget "Tests macOS" */;
			buildPhases = (
				4A728D142887093F00B8782B /* Sources */,
				4A728D152887093F00B8782B /* Frameworks */,
				4A728D162887093F00B8782B /* Resources */,
			);
			buildRules = (
			);
			dependencies = (
				4A728D1A2887093F00B8782B /* PBXTargetDependency */,
			);
			name = "Tests macOS";
			productName = "Tests macOS";
			productReference = 4A728D182887093F00B8782B /* Tests macOS.xctest */;
			productType = "com.apple.product-type.bundle.ui-testing";
		};
/* End PBXNativeTarget section */

/* Begin PBXProject section */
		4A728CF32887093D00B8782B /* Project object */ = {
			isa = PBXProject;
			attributes = {
				BuildIndependentTargetsInParallel = 1;
				LastSwiftUpdateCheck = 1340;
				LastUpgradeCheck = 1340;
				TargetAttributes = {
					4A728CFE2887093F00B8782B = {
						CreatedOnToolsVersion = 13.4.1;
					};
					4A728D042887093F00B8782B = {
						CreatedOnToolsVersion = 13.4.1;
					};
					4A728D0B2887093F00B8782B = {
						CreatedOnToolsVersion = 13.4.1;
						TestTargetID = 4A728CFE2887093F00B8782B;
					};
					4A728D172887093F00B8782B = {
						CreatedOnToolsVersion = 13.4.1;
						TestTargetID = 4A728D042887093F00B8782B;
					};
				};
			};
			buildConfigurationList = 4A728CF62887093D00B8782B /* Build configuration list for PBXProject "Landmarks" */;
			compatibilityVersion = "Xcode 13.0";
			developmentRegion = en;
			hasScannedForEncodings = 0;
			knownRegions = (
				en,
				Base,
			);
			mainGroup = 4A728CF22887093D00B8782B;
			productRefGroup = 4A728D002887093F00B8782B /* Products */;
			projectDirPath = "";
			projectRoot = "";
			targets = (
				4A728CFE2887093F00B8782B /* Landmarks (iOS) */,
				4A728D042887093F00B8782B /* Landmarks (macOS) */,
				4A728D0B2887093F00B8782B /* Tests iOS */,
				4A728D172887093F00B8782B /* Tests macOS */,
			);
		};
/* End PBXProject section */

/* Begin PBXResourcesBuildPhase section */
		4A728CFD2887093F00B8782B /* Resources */ = {
			isa = PBXResourcesBuildPhase;
			buildActionMask = 2147483647;
			files = (
				4A728D242887093F00B8782B /* Assets.xcassets in Resources */,
				4A728D3B28878BD600B8782B /* landmarkData.json in Resources */,
			);
			runOnlyForDeploymentPostprocessing = 0;
		};
		4A728D032887093F00B8782B /* Resources */ = {
			isa = PBXResourcesBuildPhase;
			buildActionMask = 2147483647;
			files = (
				4A728D252887093F00B8782B /* Assets.xcassets in Resources */,
				4A728D3C28878BD600B8782B /* landmarkData.json in Resources */,
			);
			runOnlyForDeploymentPostprocessing = 0;
		};
		4A728D0A2887093F00B8782B /* Resources */ = {
			isa = PBXResourcesBuildPhase;
			buildActionMask = 2147483647;
			files = (
			);
			runOnlyForDeploymentPostprocessing = 0;
		};
		4A728D162887093F00B8782B /* Resources */ = {
			isa = PBXResourcesBuildPhase;
			buildActionMask = 2147483647;
			files = (
			);
			runOnlyForDeploymentPostprocessing = 0;
		};
/* End PBXResourcesBuildPhase section */

/* Begin PBXSourcesBuildPhase section */
		4A728CFB2887093F00B8782B /* Sources */ = {
			isa = PBXSourcesBuildPhase;
			buildActionMask = 2147483647;
			files = (
				4A728D222887093F00B8782B /* ContentView.swift in Sources */,
				4A728D38288788D000B8782B /* MapView.swift in Sources */,
				4A728D202887093F00B8782B /* LandmarksApp.swift in Sources */,
				4A728D50288799D000B8782B /* FavoriteButton.swift in Sources */,
				4A728D4A2887905500B8782B /* LandmarkList.swift in Sources */,
				4A728D4D2887911700B8782B /* LandmarkDetail.swift in Sources */,
				4A728D35288787BA00B8782B /* CircularImage.swift in Sources */,
				4A728D3E28878BFB00B8782B /* Landmark.swift in Sources */,
				4A728D4728878F3300B8782B /* LandmarkRow.swift in Sources */,
				4A728D4128878DB200B8782B /* ModelData.swift in Sources */,
			);
			runOnlyForDeploymentPostprocessing = 0;
		};
		4A728D012887093F00B8782B /* Sources */ = {
			isa = PBXSourcesBuildPhase;
			buildActionMask = 2147483647;
			files = (
				4A728D232887093F00B8782B /* ContentView.swift in Sources */,
				4A728D39288788D000B8782B /* MapView.swift in Sources */,
				4A728D212887093F00B8782B /* LandmarksApp.swift in Sources */,
				4A728D51288799D000B8782B /* FavoriteButton.swift in Sources */,
				4A728D4B2887905500B8782B /* LandmarkList.swift in Sources */,
				4A728D4E2887911700B8782B /* LandmarkDetail.swift in Sources */,
				4A728D36288787BA00B8782B /* CircularImage.swift in Sources */,
				4A728D3F28878BFB00B8782B /* Landmark.swift in Sources */,
				4A728D4828878F3300B8782B /* LandmarkRow.swift in Sources */,
				4A728D4228878DB200B8782B /* ModelData.swift in Sources */,
			);
			runOnlyForDeploymentPostprocessing = 0;
		};
		4A728D082887093F00B8782B /* Sources */ = {
			isa = PBXSourcesBuildPhase;
			buildActionMask = 2147483647;
			files = (
				4A728D132887093F00B8782B /* Tests_iOSLaunchTests.swift in Sources */,
				4A728D112887093F00B8782B /* Tests_iOS.swift in Sources */,
			);
			runOnlyForDeploymentPostprocessing = 0;
		};
		4A728D142887093F00B8782B /* Sources */ = {
			isa = PBXSourcesBuildPhase;
			buildActionMask = 2147483647;
			files = (
				4A728D1F2887093F00B8782B /* Tests_macOSLaunchTests.swift in Sources */,
				4A728D1D2887093F00B8782B /* Tests_macOS.swift in Sources */,
			);
			runOnlyForDeploymentPostprocessing = 0;
		};
/* End PBXSourcesBuildPhase section */

/* Begin PBXTargetDependency section */
		4A728D0E2887093F00B8782B /* PBXTargetDependency */ = {
			isa = PBXTargetDependency;
			target = 4A728CFE2887093F00B8782B /* Landmarks (iOS) */;
			targetProxy = 4A728D0D2887093F00B8782B /* PBXContainerItemProxy */;
		};
		4A728D1A2887093F00B8782B /* PBXTargetDependency */ = {
			isa = PBXTargetDependency;
			target = 4A728D042887093F00B8782B /* Landmarks (macOS) */;
			targetProxy = 4A728D192887093F00B8782B /* PBXContainerItemProxy */;
		};
/* End PBXTargetDependency section */

/* Begin XCBuildConfiguration section */
		4A728D262887093F00B8782B /* Debug */ = {
			isa = XCBuildConfiguration;
			buildSettings = {
				ALWAYS_SEARCH_USER_PATHS = NO;
				CLANG_ANALYZER_NONNULL = YES;
				CLANG_ANALYZER_NUMBER_OBJECT_CONVERSION = YES_AGGRESSIVE;
				CLANG_CXX_LANGUAGE_STANDARD = "gnu++17";
				CLANG_ENABLE_MODULES = YES;
				CLANG_ENABLE_OBJC_ARC = YES;
				CLANG_ENABLE_OBJC_WEAK = YES;
				CLANG_WARN_BLOCK_CAPTURE_AUTORELEASING = YES;
				CLANG_WARN_BOOL_CONVERSION = YES;
				CLANG_WARN_COMMA = YES;
				CLANG_WARN_CONSTANT_CONVERSION = YES;
				CLANG_WARN_DEPRECATED_OBJC_IMPLEMENTATIONS = YES;
				CLANG_WARN_DIRECT_OBJC_ISA_USAGE = YES_ERROR;
				CLANG_WARN_DOCUMENTATION_COMMENTS = YES;
				CLANG_WARN_EMPTY_BODY = YES;
				CLANG_WARN_ENUM_CONVERSION = YES;
				CLANG_WARN_INFINITE_RECURSION = YES;
				CLANG_WARN_INT_CONVERSION = YES;
				CLANG_WARN_NON_LITERAL_NULL_CONVERSION = YES;
				CLANG_WARN_OBJC_IMPLICIT_RETAIN_SELF = YES;
				CLANG_WARN_OBJC_LITERAL_CONVERSION = YES;
				CLANG_WARN_OBJC_ROOT_CLASS = YES_ERROR;
				CLANG_WARN_QUOTED_INCLUDE_IN_FRAMEWORK_HEADER = YES;
				CLANG_WARN_RANGE_LOOP_ANALYSIS = YES;
				CLANG_WARN_STRICT_PROTOTYPES = YES;
				CLANG_WARN_SUSPICIOUS_MOVE = YES;
				CLANG_WARN_UNGUARDED_AVAILABILITY = YES_AGGRESSIVE;
				CLANG_WARN_UNREACHABLE_CODE = YES;
				CLANG_WARN__DUPLICATE_METHOD_MATCH = YES;
				COPY_PHASE_STRIP = NO;
				DEBUG_INFORMATION_FORMAT = dwarf;
				ENABLE_STRICT_OBJC_MSGSEND = YES;
				ENABLE_TESTABILITY = YES;
				GCC_C_LANGUAGE_STANDARD = gnu11;
				GCC_DYNAMIC_NO_PIC = NO;
				GCC_NO_COMMON_BLOCKS = YES;
				GCC_OPTIMIZATION_LEVEL = 0;
				GCC_PREPROCESSOR_DEFINITIONS = (
					"DEBUG=1",
					"$(inherited)",
				);
				GCC_WARN_64_TO_32_BIT_CONVERSION = YES;
				GCC_WARN_ABOUT_RETURN_TYPE = YES_ERROR;
				GCC_WARN_UNDECLARED_SELECTOR = YES;
				GCC_WARN_UNINITIALIZED_AUTOS = YES_AGGRESSIVE;
				GCC_WARN_UNUSED_FUNCTION = YES;
				GCC_WARN_UNUSED_VARIABLE = YES;
				MTL_ENABLE_DEBUG_INFO = INCLUDE_SOURCE;
				MTL_FAST_MATH = YES;
				ONLY_ACTIVE_ARCH = YES;
				SWIFT_ACTIVE_COMPILATION_CONDITIONS = DEBUG;
				SWIFT_OPTIMIZATION_LEVEL = "-Onone";
			};
			name = Debug;
		};
		4A728D272887093F00B8782B /* Release */ = {
			isa = XCBuildConfiguration;
			buildSettings = {
				ALWAYS_SEARCH_USER_PATHS = NO;
				CLANG_ANALYZER_NONNULL = YES;
				CLANG_ANALYZER_NUMBER_OBJECT_CONVERSION = YES_AGGRESSIVE;
				CLANG_CXX_LANGUAGE_STANDARD = "gnu++17";
				CLANG_ENABLE_MODULES = YES;
				CLANG_ENABLE_OBJC_ARC = YES;
				CLANG_ENABLE_OBJC_WEAK = YES;
				CLANG_WARN_BLOCK_CAPTURE_AUTORELEASING = YES;
				CLANG_WARN_BOOL_CONVERSION = YES;
				CLANG_WARN_COMMA = YES;
				CLANG_WARN_CONSTANT_CONVERSION = YES;
				CLANG_WARN_DEPRECATED_OBJC_IMPLEMENTATIONS = YES;
				CLANG_WARN_DIRECT_OBJC_ISA_USAGE = YES_ERROR;
				CLANG_WARN_DOCUMENTATION_COMMENTS = YES;
				CLANG_WARN_EMPTY_BODY = YES;
				CLANG_WARN_ENUM_CONVERSION = YES;
				CLANG_WARN_INFINITE_RECURSION = YES;
				CLANG_WARN_INT_CONVERSION = YES;
				CLANG_WARN_NON_LITERAL_NULL_CONVERSION = YES;
				CLANG_WARN_OBJC_IMPLICIT_RETAIN_SELF = YES;
				CLANG_WARN_OBJC_LITERAL_CONVERSION = YES;
				CLANG_WARN_OBJC_ROOT_CLASS = YES_ERROR;
				CLANG_WARN_QUOTED_INCLUDE_IN_FRAMEWORK_HEADER = YES;
				CLANG_WARN_RANGE_LOOP_ANALYSIS = YES;
				CLANG_WARN_STRICT_PROTOTYPES = YES;
				CLANG_WARN_SUSPICIOUS_MOVE = YES;
				CLANG_WARN_UNGUARDED_AVAILABILITY = YES_AGGRESSIVE;
				CLANG_WARN_UNREACHABLE_CODE = YES;
				CLANG_WARN__DUPLICATE_METHOD_MATCH = YES;
				COPY_PHASE_STRIP = NO;
				DEBUG_INFORMATION_FORMAT = "dwarf-with-dsym";
				ENABLE_NS_ASSERTIONS = NO;
				ENABLE_STRICT_OBJC_MSGSEND = YES;
				GCC_C_LANGUAGE_STANDARD = gnu11;
				GCC_NO_COMMON_BLOCKS = YES;
				GCC_WARN_64_TO_32_BIT_CONVERSION = YES;
				GCC_WARN_ABOUT_RETURN_TYPE = YES_ERROR;
				GCC_WARN_UNDECLARED_SELECTOR = YES;
				GCC_WARN_UNINITIALIZED_AUTOS = YES_AGGRESSIVE;
				GCC_WARN_UNUSED_FUNCTION = YES;
				GCC_WARN_UNUSED_VARIABLE = YES;
				MTL_ENABLE_DEBUG_INFO = NO;
				MTL_FAST_MATH = YES;
				SWIFT_COMPILATION_MODE = wholemodule;
				SWIFT_OPTIMIZATION_LEVEL = "-O";
			};
			name = Release;
		};
		4A728D292887093F00B8782B /* Debug */ = {
			isa = XCBuildConfiguration;
			buildSettings = {
				ASSETCATALOG_COMPILER_APPICON_NAME = AppIcon;
				ASSETCATALOG_COMPILER_GLOBAL_ACCENT_COLOR_NAME = AccentColor;
				CODE_SIGN_STYLE = Automatic;
				CURRENT_PROJECT_VERSION = 1;
				DEVELOPMENT_TEAM = 87JQ47AYTP;
				ENABLE_PREVIEWS = YES;
				GENERATE_INFOPLIST_FILE = YES;
				INFOPLIST_KEY_UIApplicationSceneManifest_Generation = YES;
				INFOPLIST_KEY_UIApplicationSupportsIndirectInputEvents = YES;
				INFOPLIST_KEY_UILaunchScreen_Generation = YES;
				INFOPLIST_KEY_UISupportedInterfaceOrientations_iPad = "UIInterfaceOrientationPortrait UIInterfaceOrientationPortraitUpsideDown UIInterfaceOrientationLandscapeLeft UIInterfaceOrientationLandscapeRight";
				INFOPLIST_KEY_UISupportedInterfaceOrientations_iPhone = "UIInterfaceOrientationPortrait UIInterfaceOrientationLandscapeLeft UIInterfaceOrientationLandscapeRight";
				IPHONEOS_DEPLOYMENT_TARGET = 15.5;
				LD_RUNPATH_SEARCH_PATHS = (
					"$(inherited)",
					"@executable_path/Frameworks",
				);
				MARKETING_VERSION = 1.0;
				PRODUCT_BUNDLE_IDENTIFIER = com.abidemiope.Landmarks;
				PRODUCT_NAME = Landmarks;
				SDKROOT = iphoneos;
				SWIFT_EMIT_LOC_STRINGS = YES;
				SWIFT_VERSION = 5.0;
				TARGETED_DEVICE_FAMILY = "1,2";
			};
			name = Debug;
		};
		4A728D2A2887093F00B8782B /* Release */ = {
			isa = XCBuildConfiguration;
			buildSettings = {
				ASSETCATALOG_COMPILER_APPICON_NAME = AppIcon;
				ASSETCATALOG_COMPILER_GLOBAL_ACCENT_COLOR_NAME = AccentColor;
				CODE_SIGN_STYLE = Automatic;
				CURRENT_PROJECT_VERSION = 1;
				DEVELOPMENT_TEAM = 87JQ47AYTP;
				ENABLE_PREVIEWS = YES;
				GENERATE_INFOPLIST_FILE = YES;
				INFOPLIST_KEY_UIApplicationSceneManifest_Generation = YES;
				INFOPLIST_KEY_UIApplicationSupportsIndirectInputEvents = YES;
				INFOPLIST_KEY_UILaunchScreen_Generation = YES;
				INFOPLIST_KEY_UISupportedInterfaceOrientations_iPad = "UIInterfaceOrientationPortrait UIInterfaceOrientationPortraitUpsideDown UIInterfaceOrientationLandscapeLeft UIInterfaceOrientationLandscapeRight";
				INFOPLIST_KEY_UISupportedInterfaceOrientations_iPhone = "UIInterfaceOrientationPortrait UIInterfaceOrientationLandscapeLeft UIInterfaceOrientationLandscapeRight";
				IPHONEOS_DEPLOYMENT_TARGET = 15.5;
				LD_RUNPATH_SEARCH_PATHS = (
					"$(inherited)",
					"@executable_path/Frameworks",
				);
				MARKETING_VERSION = 1.0;
				PRODUCT_BUNDLE_IDENTIFIER = com.abidemiope.Landmarks;
				PRODUCT_NAME = Landmarks;
				SDKROOT = iphoneos;
				SWIFT_EMIT_LOC_STRINGS = YES;
				SWIFT_VERSION = 5.0;
				TARGETED_DEVICE_FAMILY = "1,2";
				VALIDATE_PRODUCT = YES;
			};
			name = Release;
		};
		4A728D2C2887093F00B8782B /* Debug */ = {
			isa = XCBuildConfiguration;
			buildSettings = {
				ASSETCATALOG_COMPILER_APPICON_NAME = AppIcon;
				ASSETCATALOG_COMPILER_GLOBAL_ACCENT_COLOR_NAME = AccentColor;
				CODE_SIGN_ENTITLEMENTS = macOS/macOS.entitlements;
				CODE_SIGN_STYLE = Automatic;
				COMBINE_HIDPI_IMAGES = YES;
				CURRENT_PROJECT_VERSION = 1;
				DEVELOPMENT_TEAM = 87JQ47AYTP;
				ENABLE_HARDENED_RUNTIME = YES;
				ENABLE_PREVIEWS = YES;
				GENERATE_INFOPLIST_FILE = YES;
				INFOPLIST_KEY_NSHumanReadableCopyright = "";
				LD_RUNPATH_SEARCH_PATHS = (
					"$(inherited)",
					"@executable_path/../Frameworks",
				);
				MACOSX_DEPLOYMENT_TARGET = 12.3;
				MARKETING_VERSION = 1.0;
				PRODUCT_BUNDLE_IDENTIFIER = com.abidemiope.Landmarks;
				PRODUCT_NAME = Landmarks;
				SDKROOT = macosx;
				SWIFT_EMIT_LOC_STRINGS = YES;
				SWIFT_VERSION = 5.0;
			};
			name = Debug;
		};
		4A728D2D2887093F00B8782B /* Release */ = {
			isa = XCBuildConfiguration;
			buildSettings = {
				ASSETCATALOG_COMPILER_APPICON_NAME = AppIcon;
				ASSETCATALOG_COMPILER_GLOBAL_ACCENT_COLOR_NAME = AccentColor;
				CODE_SIGN_ENTITLEMENTS = macOS/macOS.entitlements;
				CODE_SIGN_STYLE = Automatic;
				COMBINE_HIDPI_IMAGES = YES;
				CURRENT_PROJECT_VERSION = 1;
				DEVELOPMENT_TEAM = 87JQ47AYTP;
				ENABLE_HARDENED_RUNTIME = YES;
				ENABLE_PREVIEWS = YES;
				GENERATE_INFOPLIST_FILE = YES;
				INFOPLIST_KEY_NSHumanReadableCopyright = "";
				LD_RUNPATH_SEARCH_PATHS = (
					"$(inherited)",
					"@executable_path/../Frameworks",
				);
				MACOSX_DEPLOYMENT_TARGET = 12.3;
				MARKETING_VERSION = 1.0;
				PRODUCT_BUNDLE_IDENTIFIER = com.abidemiope.Landmarks;
				PRODUCT_NAME = Landmarks;
				SDKROOT = macosx;
				SWIFT_EMIT_LOC_STRINGS = YES;
				SWIFT_VERSION = 5.0;
			};
			name = Release;
		};
		4A728D2F2887093F00B8782B /* Debug */ = {
			isa = XCBuildConfiguration;
			buildSettings = {
				ALWAYS_EMBED_SWIFT_STANDARD_LIBRARIES = YES;
				CODE_SIGN_STYLE = Automatic;
				CURRENT_PROJECT_VERSION = 1;
				DEVELOPMENT_TEAM = 87JQ47AYTP;
				GENERATE_INFOPLIST_FILE = YES;
				IPHONEOS_DEPLOYMENT_TARGET = 15.5;
				MARKETING_VERSION = 1.0;
				PRODUCT_BUNDLE_IDENTIFIER = "com.abidemiope.Tests-iOS";
				PRODUCT_NAME = "$(TARGET_NAME)";
				SDKROOT = iphoneos;
				SWIFT_EMIT_LOC_STRINGS = NO;
				SWIFT_VERSION = 5.0;
				TARGETED_DEVICE_FAMILY = "1,2";
				TEST_TARGET_NAME = "Landmarks (iOS)";
			};
			name = Debug;
		};
		4A728D302887093F00B8782B /* Release */ = {
			isa = XCBuildConfiguration;
			buildSettings = {
				ALWAYS_EMBED_SWIFT_STANDARD_LIBRARIES = YES;
				CODE_SIGN_STYLE = Automatic;
				CURRENT_PROJECT_VERSION = 1;
				DEVELOPMENT_TEAM = 87JQ47AYTP;
				GENERATE_INFOPLIST_FILE = YES;
				IPHONEOS_DEPLOYMENT_TARGET = 15.5;
				MARKETING_VERSION = 1.0;
				PRODUCT_BUNDLE_IDENTIFIER = "com.abidemiope.Tests-iOS";
				PRODUCT_NAME = "$(TARGET_NAME)";
				SDKROOT = iphoneos;
				SWIFT_EMIT_LOC_STRINGS = NO;
				SWIFT_VERSION = 5.0;
				TARGETED_DEVICE_FAMILY = "1,2";
				TEST_TARGET_NAME = "Landmarks (iOS)";
				VALIDATE_PRODUCT = YES;
			};
			name = Release;
		};
		4A728D322887093F00B8782B /* Debug */ = {
			isa = XCBuildConfiguration;
			buildSettings = {
				ALWAYS_EMBED_SWIFT_STANDARD_LIBRARIES = YES;
				CODE_SIGN_STYLE = Automatic;
				CURRENT_PROJECT_VERSION = 1;
				DEVELOPMENT_TEAM = 87JQ47AYTP;
				GENERATE_INFOPLIST_FILE = YES;
				MACOSX_DEPLOYMENT_TARGET = 12.3;
				MARKETING_VERSION = 1.0;
				PRODUCT_BUNDLE_IDENTIFIER = "com.abidemiope.Tests-macOS";
				PRODUCT_NAME = "$(TARGET_NAME)";
				SDKROOT = macosx;
				SWIFT_EMIT_LOC_STRINGS = NO;
				SWIFT_VERSION = 5.0;
				TEST_TARGET_NAME = "Landmarks (macOS)";
			};
			name = Debug;
		};
		4A728D332887093F00B8782B /* Release */ = {
			isa = XCBuildConfiguration;
			buildSettings = {
				ALWAYS_EMBED_SWIFT_STANDARD_LIBRARIES = YES;
				CODE_SIGN_STYLE = Automatic;
				CURRENT_PROJECT_VERSION = 1;
				DEVELOPMENT_TEAM = 87JQ47AYTP;
				GENERATE_INFOPLIST_FILE = YES;
				MACOSX_DEPLOYMENT_TARGET = 12.3;
				MARKETING_VERSION = 1.0;
				PRODUCT_BUNDLE_IDENTIFIER = "com.abidemiope.Tests-macOS";
				PRODUCT_NAME = "$(TARGET_NAME)";
				SDKROOT = macosx;
				SWIFT_EMIT_LOC_STRINGS = NO;
				SWIFT_VERSION = 5.0;
				TEST_TARGET_NAME = "Landmarks (macOS)";
			};
			name = Release;
		};
/* End XCBuildConfiguration section */

/* Begin XCConfigurationList section */
		4A728CF62887093D00B8782B /* Build configuration list for PBXProject "Landmarks" */ = {
			isa = XCConfigurationList;
			buildConfigurations = (
				4A728D262887093F00B8782B /* Debug */,
				4A728D272887093F00B8782B /* Release */,
			);
			defaultConfigurationIsVisible = 0;
			defaultConfigurationName = Release;
		};
		4A728D282887093F00B8782B /* Build configuration list for PBXNativeTarget "Landmarks (iOS)" */ = {
			isa = XCConfigurationList;
			buildConfigurations = (
				4A728D292887093F00B8782B /* Debug */,
				4A728D2A2887093F00B8782B /* Release */,
			);
			defaultConfigurationIsVisible = 0;
			defaultConfigurationName = Release;
		};
		4A728D2B2887093F00B8782B /* Build configuration list for PBXNativeTarget "Landmarks (macOS)" */ = {
			isa = XCConfigurationList;
			buildConfigurations = (
				4A728D2C2887093F00B8782B /* Debug */,
				4A728D2D2887093F00B8782B /* Release */,
			);
			defaultConfigurationIsVisible = 0;
			defaultConfigurationName = Release;
		};
		4A728D2E2887093F00B8782B /* Build configuration list for PBXNativeTarget "Tests iOS" */ = {
			isa = XCConfigurationList;
			buildConfigurations = (
				4A728D2F2887093F00B8782B /* Debug */,
				4A728D302887093F00B8782B /* Release */,
			);
			defaultConfigurationIsVisible = 0;
			defaultConfigurationName = Release;
		};
		4A728D312887093F00B8782B /* Build configuration list for PBXNativeTarget "Tests macOS" */ = {
			isa = XCConfigurationList;
			buildConfigurations = (
				4A728D322887093F00B8782B /* Debug */,
				4A728D332887093F00B8782B /* Release */,
			);
			defaultConfigurationIsVisible = 0;
			defaultConfigurationName = Release;
		};
/* End XCConfigurationList section */
	};
	rootObject = 4A728CF32887093D00B8782B /* Project object */;
}
